
Microsoft Visual Studio Solution File, Format Version 12.00
# Visual Studio Version 16
VisualStudioVersion = 16.0.30503.244
MinimumVisualStudioVersion = 10.0.40219.1
Project("{FAE04EC0-301F-11D3-BF4B-00C04F79EFBC}") = "BooksApi", "BooksApi.csproj", "{A211623B-E6F0-4C85-BFDC-E2237E38EBF6}"
EndProject
Global
	GlobalSection(SolutionConfigurationPlatforms) = preSolution
		Debug|Any CPU = Debug|Any CPU
		Release|Any CPU = Release|Any CPU
	EndGlobalSection
	GlobalSection(ProjectConfigurationPlatforms) = postSolution
		{A211623B-E6F0-4C85-BFDC-E2237E38EBF6}.Debug|Any CPU.ActiveCfg = Debug|Any CPU
		{A211623B-E6F0-4C85-BFDC-E2237E38EBF6}.Debug|Any CPU.Build.0 = Debug|Any CPU
		{A211623B-E6F0-4C85-BFDC-E2237E38EBF6}.Release|Any CPU.ActiveCfg = Release|Any CPU
		{A211623B-E6F0-4C85-BFDC-E2237E38EBF6}.Release|Any CPU.Build.0 = Release|Any CPU
	EndGlobalSection
	GlobalSection(SolutionProperties) = preSolution
		HideSolutionNode = FALSE
	EndGlobalSection
	GlobalSection(ExtensibilityGlobals) = postSolution
		SolutionGuid = {F040965A-E8F0-482B-89ED-85C0DFE20250}
	EndGlobalSection
EndGlobal
